
Microsoft Visual Studio Solution File, Format Version 12.00
# Visual Studio 2013
Project("{8BC9CEB8-8B4A-11D0-8D11-00A0C91BC942}") = "ALL_BUILD", "ALL_BUILD.vcxproj", "{434F85B3-ABA4-34FA-B571-243E46D59659}"
	ProjectSection(ProjectDependencies) = postProject
		{94FA5F67-FD0E-3BBD-AEFD-A93286367229} = {94FA5F67-FD0E-3BBD-AEFD-A93286367229}
		{811F94DC-1257-3845-9DF9-0E9DD49CF0BD} = {811F94DC-1257-3845-9DF9-0E9DD49CF0BD}
		{84461C9E-8DAC-31BE-9445-ED686C065E5A} = {84461C9E-8DAC-31BE-9445-ED686C065E5A}
		{678D1426-1A9A-3F5C-8D2C-E79CA5F452C5} = {678D1426-1A9A-3F5C-8D2C-E79CA5F452C5}
		{DF4837C2-FF78-36C8-A7F4-AB291CC2B949} = {DF4837C2-FF78-36C8-A7F4-AB291CC2B949}
		{FA52574A-8183-30F5-85D9-084EAE8C4DB9} = {FA52574A-8183-30F5-85D9-084EAE8C4DB9}
		{2C177404-476F-38D3-97E3-992266712ECF} = {2C177404-476F-38D3-97E3-992266712ECF}
		{D723C90B-32A5-3633-ABDA-92FC94FF95BF} = {D723C90B-32A5-3633-ABDA-92FC94FF95BF}
		{2D025FF8-DB6F-3E19-A527-F57828E52F88} = {2D025FF8-DB6F-3E19-A527-F57828E52F88}
		{27AEA8B4-B8FF-3AE2-938C-9F67A7A5C98D} = {27AEA8B4-B8FF-3AE2-938C-9F67A7A5C98D}
		{0EB688B9-8BF4-3446-B71C-EB3BACFE1759} = {0EB688B9-8BF4-3446-B71C-EB3BACFE1759}
		{169753A3-77E3-3E5A-956B-6A455DB4D331} = {169753A3-77E3-3E5A-956B-6A455DB4D331}
		{F629ED9E-703C-3520-AE59-0F1A54ECD338} = {F629ED9E-703C-3520-AE59-0F1A54ECD338}
		{5BF0133C-ACC5-37F7-BFA1-939F5901DE8F} = {5BF0133C-ACC5-37F7-BFA1-939F5901DE8F}
		{3D48EF8C-6013-3067-9D0C-00598144BA3D} = {3D48EF8C-6013-3067-9D0C-00598144BA3D}
	EndProjectSection
EndProject
Project("{8BC9CEB8-8B4A-11D0-8D11-00A0C91BC942}") = "INSTALL", "INSTALL.vcxproj", "{B006789F-4F0D-3664-A768-45B4D887DB40}"
	ProjectSection(ProjectDependencies) = postProject
		{434F85B3-ABA4-34FA-B571-243E46D59659} = {434F85B3-ABA4-34FA-B571-243E46D59659}
	EndProjectSection
EndProject
Project("{8BC9CEB8-8B4A-11D0-8D11-00A0C91BC942}") = "OgreDoc", "Docs\OgreDoc.vcxproj", "{9AFE7E53-FF1E-3280-92E2-A9458FF9D801}"
	ProjectSection(ProjectDependencies) = postProject
	EndProjectSection
EndProject
Project("{8BC9CEB8-8B4A-11D0-8D11-00A0C91BC942}") = "OgreMain", "OgreMain\OgreMain.vcxproj", "{94FA5F67-FD0E-3BBD-AEFD-A93286367229}"
	ProjectSection(ProjectDependencies) = postProject
	EndProjectSection
EndProject
Project("{8BC9CEB8-8B4A-11D0-8D11-00A0C91BC942}") = "OgreMeshUpgrader", "Tools\MeshUpgrader\OgreMeshUpgrader.vcxproj", "{811F94DC-1257-3845-9DF9-0E9DD49CF0BD}"
	ProjectSection(ProjectDependencies) = postProject
		{94FA5F67-FD0E-3BBD-AEFD-A93286367229} = {94FA5F67-FD0E-3BBD-AEFD-A93286367229}
	EndProjectSection
EndProject
Project("{8BC9CEB8-8B4A-11D0-8D11-00A0C91BC942}") = "OgrePaging", "Components\Paging\OgrePaging.vcxproj", "{84461C9E-8DAC-31BE-9445-ED686C065E5A}"
	ProjectSection(ProjectDependencies) = postProject
		{94FA5F67-FD0E-3BBD-AEFD-A93286367229} = {94FA5F67-FD0E-3BBD-AEFD-A93286367229}
	EndProjectSection
EndProject
Project("{8BC9CEB8-8B4A-11D0-8D11-00A0C91BC942}") = "OgreRTShaderSystem", "Components\RTShaderSystem\OgreRTShaderSystem.vcxproj", "{678D1426-1A9A-3F5C-8D2C-E79CA5F452C5}"
	ProjectSection(ProjectDependencies) = postProject
		{94FA5F67-FD0E-3BBD-AEFD-A93286367229} = {94FA5F67-FD0E-3BBD-AEFD-A93286367229}
	EndProjectSection
EndProject
Project("{8BC9CEB8-8B4A-11D0-8D11-00A0C91BC942}") = "OgreTerrain", "Components\Terrain\OgreTerrain.vcxproj", "{DF4837C2-FF78-36C8-A7F4-AB291CC2B949}"
	ProjectSection(ProjectDependencies) = postProject
		{94FA5F67-FD0E-3BBD-AEFD-A93286367229} = {94FA5F67-FD0E-3BBD-AEFD-A93286367229}
		{84461C9E-8DAC-31BE-9445-ED686C065E5A} = {84461C9E-8DAC-31BE-9445-ED686C065E5A}
	EndProjectSection
EndProject
Project("{8BC9CEB8-8B4A-11D0-8D11-00A0C91BC942}") = "OgreVolume", "Components\Volume\OgreVolume.vcxproj", "{FA52574A-8183-30F5-85D9-084EAE8C4DB9}"
	ProjectSection(ProjectDependencies) = postProject
		{94FA5F67-FD0E-3BBD-AEFD-A93286367229} = {94FA5F67-FD0E-3BBD-AEFD-A93286367229}
	EndProjectSection
EndProject
Project("{8BC9CEB8-8B4A-11D0-8D11-00A0C91BC942}") = "OgreXMLConverter", "Tools\XMLConverter\OgreXMLConverter.vcxproj", "{2C177404-476F-38D3-97E3-992266712ECF}"
	ProjectSection(ProjectDependencies) = postProject
		{94FA5F67-FD0E-3BBD-AEFD-A93286367229} = {94FA5F67-FD0E-3BBD-AEFD-A93286367229}
	EndProjectSection
EndProject
Project("{8BC9CEB8-8B4A-11D0-8D11-00A0C91BC942}") = "PACKAGE", "PACKAGE.vcxproj", "{448C62C2-AA7F-3BB5-B938-552DD402E0A1}"
	ProjectSection(ProjectDependencies) = postProject
		{434F85B3-ABA4-34FA-B571-243E46D59659} = {434F85B3-ABA4-34FA-B571-243E46D59659}
	EndProjectSection
EndProject
Project("{8BC9CEB8-8B4A-11D0-8D11-00A0C91BC942}") = "Plugin_BSPSceneManager", "PlugIns\BSPSceneManager\Plugin_BSPSceneManager.vcxproj", "{D723C90B-32A5-3633-ABDA-92FC94FF95BF}"
	ProjectSection(ProjectDependencies) = postProject
		{94FA5F67-FD0E-3BBD-AEFD-A93286367229} = {94FA5F67-FD0E-3BBD-AEFD-A93286367229}
	EndProjectSection
EndProject
Project("{8BC9CEB8-8B4A-11D0-8D11-00A0C91BC942}") = "Plugin_OctreeSceneManager", "PlugIns\OctreeSceneManager\Plugin_OctreeSceneManager.vcxproj", "{2D025FF8-DB6F-3E19-A527-F57828E52F88}"
	ProjectSection(ProjectDependencies) = postProject
		{94FA5F67-FD0E-3BBD-AEFD-A93286367229} = {94FA5F67-FD0E-3BBD-AEFD-A93286367229}
	EndProjectSection
EndProject
Project("{8BC9CEB8-8B4A-11D0-8D11-00A0C91BC942}") = "Plugin_OctreeZone", "PlugIns\OctreeZone\Plugin_OctreeZone.vcxproj", "{27AEA8B4-B8FF-3AE2-938C-9F67A7A5C98D}"
	ProjectSection(ProjectDependencies) = postProject
		{94FA5F67-FD0E-3BBD-AEFD-A93286367229} = {94FA5F67-FD0E-3BBD-AEFD-A93286367229}
		{0EB688B9-8BF4-3446-B71C-EB3BACFE1759} = {0EB688B9-8BF4-3446-B71C-EB3BACFE1759}
	EndProjectSection
EndProject
Project("{8BC9CEB8-8B4A-11D0-8D11-00A0C91BC942}") = "Plugin_PCZSceneManager", "PlugIns\PCZSceneManager\Plugin_PCZSceneManager.vcxproj", "{0EB688B9-8BF4-3446-B71C-EB3BACFE1759}"
	ProjectSection(ProjectDependencies) = postProject
		{94FA5F67-FD0E-3BBD-AEFD-A93286367229} = {94FA5F67-FD0E-3BBD-AEFD-A93286367229}
	EndProjectSection
EndProject
Project("{8BC9CEB8-8B4A-11D0-8D11-00A0C91BC942}") = "Plugin_ParticleFX", "PlugIns\ParticleFX\Plugin_ParticleFX.vcxproj", "{169753A3-77E3-3E5A-956B-6A455DB4D331}"
	ProjectSection(ProjectDependencies) = postProject
		{94FA5F67-FD0E-3BBD-AEFD-A93286367229} = {94FA5F67-FD0E-3BBD-AEFD-A93286367229}
	EndProjectSection
EndProject
Project("{8BC9CEB8-8B4A-11D0-8D11-00A0C91BC942}") = "RenderSystem_Direct3D11", "RenderSystems\Direct3D11\RenderSystem_Direct3D11.vcxproj", "{F629ED9E-703C-3520-AE59-0F1A54ECD338}"
	ProjectSection(ProjectDependencies) = postProject
		{94FA5F67-FD0E-3BBD-AEFD-A93286367229} = {94FA5F67-FD0E-3BBD-AEFD-A93286367229}
	EndProjectSection
EndProject
Project("{8BC9CEB8-8B4A-11D0-8D11-00A0C91BC942}") = "RenderSystem_Direct3D9", "RenderSystems\Direct3D9\RenderSystem_Direct3D9.vcxproj", "{5BF0133C-ACC5-37F7-BFA1-939F5901DE8F}"
	ProjectSection(ProjectDependencies) = postProject
		{94FA5F67-FD0E-3BBD-AEFD-A93286367229} = {94FA5F67-FD0E-3BBD-AEFD-A93286367229}
	EndProjectSection
EndProject
Project("{8BC9CEB8-8B4A-11D0-8D11-00A0C91BC942}") = "RenderSystem_GL", "RenderSystems\GL\RenderSystem_GL.vcxproj", "{3D48EF8C-6013-3067-9D0C-00598144BA3D}"
	ProjectSection(ProjectDependencies) = postProject
		{94FA5F67-FD0E-3BBD-AEFD-A93286367229} = {94FA5F67-FD0E-3BBD-AEFD-A93286367229}
	EndProjectSection
EndProject
Global
	GlobalSection(SolutionConfigurationPlatforms) = preSolution
		Debug|x64 = Debug|x64
		Release|x64 = Release|x64
		MinSizeRel|x64 = MinSizeRel|x64
		RelWithDebInfo|x64 = RelWithDebInfo|x64
	EndGlobalSection
	GlobalSection(ProjectConfigurationPlatforms) = postSolution
		{434F85B3-ABA4-34FA-B571-243E46D59659}.Debug|x64.ActiveCfg = Debug|x64
		{434F85B3-ABA4-34FA-B571-243E46D59659}.Debug|x64.Build.0 = Debug|x64
		{434F85B3-ABA4-34FA-B571-243E46D59659}.Release|x64.ActiveCfg = Release|x64
		{434F85B3-ABA4-34FA-B571-243E46D59659}.Release|x64.Build.0 = Release|x64
		{434F85B3-ABA4-34FA-B571-243E46D59659}.MinSizeRel|x64.ActiveCfg = MinSizeRel|x64
		{434F85B3-ABA4-34FA-B571-243E46D59659}.MinSizeRel|x64.Build.0 = MinSizeRel|x64
		{434F85B3-ABA4-34FA-B571-243E46D59659}.RelWithDebInfo|x64.ActiveCfg = RelWithDebInfo|x64
		{434F85B3-ABA4-34FA-B571-243E46D59659}.RelWithDebInfo|x64.Build.0 = RelWithDebInfo|x64
		{B006789F-4F0D-3664-A768-45B4D887DB40}.Debug|x64.ActiveCfg = Debug|x64
		{B006789F-4F0D-3664-A768-45B4D887DB40}.Release|x64.ActiveCfg = Release|x64
		{B006789F-4F0D-3664-A768-45B4D887DB40}.MinSizeRel|x64.ActiveCfg = MinSizeRel|x64
		{B006789F-4F0D-3664-A768-45B4D887DB40}.RelWithDebInfo|x64.ActiveCfg = RelWithDebInfo|x64
		{9AFE7E53-FF1E-3280-92E2-A9458FF9D801}.Debug|x64.ActiveCfg = Debug|x64
		{9AFE7E53-FF1E-3280-92E2-A9458FF9D801}.Release|x64.ActiveCfg = Release|x64
		{9AFE7E53-FF1E-3280-92E2-A9458FF9D801}.MinSizeRel|x64.ActiveCfg = MinSizeRel|x64
		{9AFE7E53-FF1E-3280-92E2-A9458FF9D801}.RelWithDebInfo|x64.ActiveCfg = RelWithDebInfo|x64
		{94FA5F67-FD0E-3BBD-AEFD-A93286367229}.Debug|x64.ActiveCfg = Debug|x64
		{94FA5F67-FD0E-3BBD-AEFD-A93286367229}.Debug|x64.Build.0 = Debug|x64
		{94FA5F67-FD0E-3BBD-AEFD-A93286367229}.Release|x64.ActiveCfg = Release|x64
		{94FA5F67-FD0E-3BBD-AEFD-A93286367229}.Release|x64.Build.0 = Release|x64
		{94FA5F67-FD0E-3BBD-AEFD-A93286367229}.MinSizeRel|x64.ActiveCfg = MinSizeRel|x64
		{94FA5F67-FD0E-3BBD-AEFD-A93286367229}.MinSizeRel|x64.Build.0 = MinSizeRel|x64
		{94FA5F67-FD0E-3BBD-AEFD-A93286367229}.RelWithDebInfo|x64.ActiveCfg = RelWithDebInfo|x64
		{94FA5F67-FD0E-3BBD-AEFD-A93286367229}.RelWithDebInfo|x64.Build.0 = RelWithDebInfo|x64
		{811F94DC-1257-3845-9DF9-0E9DD49CF0BD}.Debug|x64.ActiveCfg = Debug|x64
		{811F94DC-1257-3845-9DF9-0E9DD49CF0BD}.Debug|x64.Build.0 = Debug|x64
		{811F94DC-1257-3845-9DF9-0E9DD49CF0BD}.Release|x64.ActiveCfg = Release|x64
		{811F94DC-1257-3845-9DF9-0E9DD49CF0BD}.Release|x64.Build.0 = Release|x64
		{811F94DC-1257-3845-9DF9-0E9DD49CF0BD}.MinSizeRel|x64.ActiveCfg = MinSizeRel|x64
		{811F94DC-1257-3845-9DF9-0E9DD49CF0BD}.MinSizeRel|x64.Build.0 = MinSizeRel|x64
		{811F94DC-1257-3845-9DF9-0E9DD49CF0BD}.RelWithDebInfo|x64.ActiveCfg = RelWithDebInfo|x64
		{811F94DC-1257-3845-9DF9-0E9DD49CF0BD}.RelWithDebInfo|x64.Build.0 = RelWithDebInfo|x64
		{84461C9E-8DAC-31BE-9445-ED686C065E5A}.Debug|x64.ActiveCfg = Debug|x64
		{84461C9E-8DAC-31BE-9445-ED686C065E5A}.Debug|x64.Build.0 = Debug|x64
		{84461C9E-8DAC-31BE-9445-ED686C065E5A}.Release|x64.ActiveCfg = Release|x64
		{84461C9E-8DAC-31BE-9445-ED686C065E5A}.Release|x64.Build.0 = Release|x64
		{84461C9E-8DAC-31BE-9445-ED686C065E5A}.MinSizeRel|x64.ActiveCfg = MinSizeRel|x64
		{84461C9E-8DAC-31BE-9445-ED686C065E5A}.MinSizeRel|x64.Build.0 = MinSizeRel|x64
		{84461C9E-8DAC-31BE-9445-ED686C065E5A}.RelWithDebInfo|x64.ActiveCfg = RelWithDebInfo|x64
		{84461C9E-8DAC-31BE-9445-ED686C065E5A}.RelWithDebInfo|x64.Build.0 = RelWithDebInfo|x64
		{678D1426-1A9A-3F5C-8D2C-E79CA5F452C5}.Debug|x64.ActiveCfg = Debug|x64
		{678D1426-1A9A-3F5C-8D2C-E79CA5F452C5}.Debug|x64.Build.0 = Debug|x64
		{678D1426-1A9A-3F5C-8D2C-E79CA5F452C5}.Release|x64.ActiveCfg = Release|x64
		{678D1426-1A9A-3F5C-8D2C-E79CA5F452C5}.Release|x64.Build.0 = Release|x64
		{678D1426-1A9A-3F5C-8D2C-E79CA5F452C5}.MinSizeRel|x64.ActiveCfg = MinSizeRel|x64
		{678D1426-1A9A-3F5C-8D2C-E79CA5F452C5}.MinSizeRel|x64.Build.0 = MinSizeRel|x64
		{678D1426-1A9A-3F5C-8D2C-E79CA5F452C5}.RelWithDebInfo|x64.ActiveCfg = RelWithDebInfo|x64
		{678D1426-1A9A-3F5C-8D2C-E79CA5F452C5}.RelWithDebInfo|x64.Build.0 = RelWithDebInfo|x64
		{DF4837C2-FF78-36C8-A7F4-AB291CC2B949}.Debug|x64.ActiveCfg = Debug|x64
		{DF4837C2-FF78-36C8-A7F4-AB291CC2B949}.Debug|x64.Build.0 = Debug|x64
		{DF4837C2-FF78-36C8-A7F4-AB291CC2B949}.Release|x64.ActiveCfg = Release|x64
		{DF4837C2-FF78-36C8-A7F4-AB291CC2B949}.Release|x64.Build.0 = Release|x64
		{DF4837C2-FF78-36C8-A7F4-AB291CC2B949}.MinSizeRel|x64.ActiveCfg = MinSizeRel|x64
		{DF4837C2-FF78-36C8-A7F4-AB291CC2B949}.MinSizeRel|x64.Build.0 = MinSizeRel|x64
		{DF4837C2-FF78-36C8-A7F4-AB291CC2B949}.RelWithDebInfo|x64.ActiveCfg = RelWithDebInfo|x64
		{DF4837C2-FF78-36C8-A7F4-AB291CC2B949}.RelWithDebInfo|x64.Build.0 = RelWithDebInfo|x64
		{FA52574A-8183-30F5-85D9-084EAE8C4DB9}.Debug|x64.ActiveCfg = Debug|x64
		{FA52574A-8183-30F5-85D9-084EAE8C4DB9}.Debug|x64.Build.0 = Debug|x64
		{FA52574A-8183-30F5-85D9-084EAE8C4DB9}.Release|x64.ActiveCfg = Release|x64
		{FA52574A-8183-30F5-85D9-084EAE8C4DB9}.Release|x64.Build.0 = Release|x64
		{FA52574A-8183-30F5-85D9-084EAE8C4DB9}.MinSizeRel|x64.ActiveCfg = MinSizeRel|x64
		{FA52574A-8183-30F5-85D9-084EAE8C4DB9}.MinSizeRel|x64.Build.0 = MinSizeRel|x64
		{FA52574A-8183-30F5-85D9-084EAE8C4DB9}.RelWithDebInfo|x64.ActiveCfg = RelWithDebInfo|x64
		{FA52574A-8183-30F5-85D9-084EAE8C4DB9}.RelWithDebInfo|x64.Build.0 = RelWithDebInfo|x64
		{2C177404-476F-38D3-97E3-992266712ECF}.Debug|x64.ActiveCfg = Debug|x64
		{2C177404-476F-38D3-97E3-992266712ECF}.Debug|x64.Build.0 = Debug|x64
		{2C177404-476F-38D3-97E3-992266712ECF}.Release|x64.ActiveCfg = Release|x64
		{2C177404-476F-38D3-97E3-992266712ECF}.Release|x64.Build.0 = Release|x64
		{2C177404-476F-38D3-97E3-992266712ECF}.MinSizeRel|x64.ActiveCfg = MinSizeRel|x64
		{2C177404-476F-38D3-97E3-992266712ECF}.MinSizeRel|x64.Build.0 = MinSizeRel|x64
		{2C177404-476F-38D3-97E3-992266712ECF}.RelWithDebInfo|x64.ActiveCfg = RelWithDebInfo|x64
		{2C177404-476F-38D3-97E3-992266712ECF}.RelWithDebInfo|x64.Build.0 = RelWithDebInfo|x64
		{448C62C2-AA7F-3BB5-B938-552DD402E0A1}.Debug|x64.ActiveCfg = Debug|x64
		{448C62C2-AA7F-3BB5-B938-552DD402E0A1}.Release|x64.ActiveCfg = Release|x64
		{448C62C2-AA7F-3BB5-B938-552DD402E0A1}.MinSizeRel|x64.ActiveCfg = MinSizeRel|x64
		{448C62C2-AA7F-3BB5-B938-552DD402E0A1}.RelWithDebInfo|x64.ActiveCfg = RelWithDebInfo|x64
		{D723C90B-32A5-3633-ABDA-92FC94FF95BF}.Debug|x64.ActiveCfg = Debug|x64
		{D723C90B-32A5-3633-ABDA-92FC94FF95BF}.Debug|x64.Build.0 = Debug|x64
		{D723C90B-32A5-3633-ABDA-92FC94FF95BF}.Release|x64.ActiveCfg = Release|x64
		{D723C90B-32A5-3633-ABDA-92FC94FF95BF}.Release|x64.Build.0 = Release|x64
		{D723C90B-32A5-3633-ABDA-92FC94FF95BF}.MinSizeRel|x64.ActiveCfg = MinSizeRel|x64
		{D723C90B-32A5-3633-ABDA-92FC94FF95BF}.MinSizeRel|x64.Build.0 = MinSizeRel|x64
		{D723C90B-32A5-3633-ABDA-92FC94FF95BF}.RelWithDebInfo|x64.ActiveCfg = RelWithDebInfo|x64
		{D723C90B-32A5-3633-ABDA-92FC94FF95BF}.RelWithDebInfo|x64.Build.0 = RelWithDebInfo|x64
		{2D025FF8-DB6F-3E19-A527-F57828E52F88}.Debug|x64.ActiveCfg = Debug|x64
		{2D025FF8-DB6F-3E19-A527-F57828E52F88}.Debug|x64.Build.0 = Debug|x64
		{2D025FF8-DB6F-3E19-A527-F57828E52F88}.Release|x64.ActiveCfg = Release|x64
		{2D025FF8-DB6F-3E19-A527-F57828E52F88}.Release|x64.Build.0 = Release|x64
		{2D025FF8-DB6F-3E19-A527-F57828E52F88}.MinSizeRel|x64.ActiveCfg = MinSizeRel|x64
		{2D025FF8-DB6F-3E19-A527-F57828E52F88}.MinSizeRel|x64.Build.0 = MinSizeRel|x64
		{2D025FF8-DB6F-3E19-A527-F57828E52F88}.RelWithDebInfo|x64.ActiveCfg = RelWithDebInfo|x64
		{2D025FF8-DB6F-3E19-A527-F57828E52F88}.RelWithDebInfo|x64.Build.0 = RelWithDebInfo|x64
		{27AEA8B4-B8FF-3AE2-938C-9F67A7A5C98D}.Debug|x64.ActiveCfg = Debug|x64
		{27AEA8B4-B8FF-3AE2-938C-9F67A7A5C98D}.Debug|x64.Build.0 = Debug|x64
		{27AEA8B4-B8FF-3AE2-938C-9F67A7A5C98D}.Release|x64.ActiveCfg = Release|x64
		{27AEA8B4-B8FF-3AE2-938C-9F67A7A5C98D}.Release|x64.Build.0 = Release|x64
		{27AEA8B4-B8FF-3AE2-938C-9F67A7A5C98D}.MinSizeRel|x64.ActiveCfg = MinSizeRel|x64
		{27AEA8B4-B8FF-3AE2-938C-9F67A7A5C98D}.MinSizeRel|x64.Build.0 = MinSizeRel|x64
		{27AEA8B4-B8FF-3AE2-938C-9F67A7A5C98D}.RelWithDebInfo|x64.ActiveCfg = RelWithDebInfo|x64
		{27AEA8B4-B8FF-3AE2-938C-9F67A7A5C98D}.RelWithDebInfo|x64.Build.0 = RelWithDebInfo|x64
		{0EB688B9-8BF4-3446-B71C-EB3BACFE1759}.Debug|x64.ActiveCfg = Debug|x64
		{0EB688B9-8BF4-3446-B71C-EB3BACFE1759}.Debug|x64.Build.0 = Debug|x64
		{0EB688B9-8BF4-3446-B71C-EB3BACFE1759}.Release|x64.ActiveCfg = Release|x64
		{0EB688B9-8BF4-3446-B71C-EB3BACFE1759}.Release|x64.Build.0 = Release|x64
		{0EB688B9-8BF4-3446-B71C-EB3BACFE1759}.MinSizeRel|x64.ActiveCfg = MinSizeRel|x64
		{0EB688B9-8BF4-3446-B71C-EB3BACFE1759}.MinSizeRel|x64.Build.0 = MinSizeRel|x64
		{0EB688B9-8BF4-3446-B71C-EB3BACFE1759}.RelWithDebInfo|x64.ActiveCfg = RelWithDebInfo|x64
		{0EB688B9-8BF4-3446-B71C-EB3BACFE1759}.RelWithDebInfo|x64.Build.0 = RelWithDebInfo|x64
		{169753A3-77E3-3E5A-956B-6A455DB4D331}.Debug|x64.ActiveCfg = Debug|x64
		{169753A3-77E3-3E5A-956B-6A455DB4D331}.Debug|x64.Build.0 = Debug|x64
		{169753A3-77E3-3E5A-956B-6A455DB4D331}.Release|x64.ActiveCfg = Release|x64
		{169753A3-77E3-3E5A-956B-6A455DB4D331}.Release|x64.Build.0 = Release|x64
		{169753A3-77E3-3E5A-956B-6A455DB4D331}.MinSizeRel|x64.ActiveCfg = MinSizeRel|x64
		{169753A3-77E3-3E5A-956B-6A455DB4D331}.MinSizeRel|x64.Build.0 = MinSizeRel|x64
		{169753A3-77E3-3E5A-956B-6A455DB4D331}.RelWithDebInfo|x64.ActiveCfg = RelWithDebInfo|x64
		{169753A3-77E3-3E5A-956B-6A455DB4D331}.RelWithDebInfo|x64.Build.0 = RelWithDebInfo|x64
		{F629ED9E-703C-3520-AE59-0F1A54ECD338}.Debug|x64.ActiveCfg = Debug|x64
		{F629ED9E-703C-3520-AE59-0F1A54ECD338}.Debug|x64.Build.0 = Debug|x64
		{F629ED9E-703C-3520-AE59-0F1A54ECD338}.Release|x64.ActiveCfg = Release|x64
		{F629ED9E-703C-3520-AE59-0F1A54ECD338}.Release|x64.Build.0 = Release|x64
		{F629ED9E-703C-3520-AE59-0F1A54ECD338}.MinSizeRel|x64.ActiveCfg = MinSizeRel|x64
		{F629ED9E-703C-3520-AE59-0F1A54ECD338}.MinSizeRel|x64.Build.0 = MinSizeRel|x64
		{F629ED9E-703C-3520-AE59-0F1A54ECD338}.RelWithDebInfo|x64.ActiveCfg = RelWithDebInfo|x64
		{F629ED9E-703C-3520-AE59-0F1A54ECD338}.RelWithDebInfo|x64.Build.0 = RelWithDebInfo|x64
		{5BF0133C-ACC5-37F7-BFA1-939F5901DE8F}.Debug|x64.ActiveCfg = Debug|x64
		{5BF0133C-ACC5-37F7-BFA1-939F5901DE8F}.Debug|x64.Build.0 = Debug|x64
		{5BF0133C-ACC5-37F7-BFA1-939F5901DE8F}.Release|x64.ActiveCfg = Release|x64
		{5BF0133C-ACC5-37F7-BFA1-939F5901DE8F}.Release|x64.Build.0 = Release|x64
		{5BF0133C-ACC5-37F7-BFA1-939F5901DE8F}.MinSizeRel|x64.ActiveCfg = MinSizeRel|x64
		{5BF0133C-ACC5-37F7-BFA1-939F5901DE8F}.MinSizeRel|x64.Build.0 = MinSizeRel|x64
		{5BF0133C-ACC5-37F7-BFA1-939F5901DE8F}.RelWithDebInfo|x64.ActiveCfg = RelWithDebInfo|x64
		{5BF0133C-ACC5-37F7-BFA1-939F5901DE8F}.RelWithDebInfo|x64.Build.0 = RelWithDebInfo|x64
		{3D48EF8C-6013-3067-9D0C-00598144BA3D}.Debug|x64.ActiveCfg = Debug|x64
		{3D48EF8C-6013-3067-9D0C-00598144BA3D}.Debug|x64.Build.0 = Debug|x64
		{3D48EF8C-6013-3067-9D0C-00598144BA3D}.Release|x64.ActiveCfg = Release|x64
		{3D48EF8C-6013-3067-9D0C-00598144BA3D}.Release|x64.Build.0 = Release|x64
		{3D48EF8C-6013-3067-9D0C-00598144BA3D}.MinSizeRel|x64.ActiveCfg = MinSizeRel|x64
		{3D48EF8C-6013-3067-9D0C-00598144BA3D}.MinSizeRel|x64.Build.0 = MinSizeRel|x64
		{3D48EF8C-6013-3067-9D0C-00598144BA3D}.RelWithDebInfo|x64.ActiveCfg = RelWithDebInfo|x64
		{3D48EF8C-6013-3067-9D0C-00598144BA3D}.RelWithDebInfo|x64.Build.0 = RelWithDebInfo|x64
	EndGlobalSection
	GlobalSection(ExtensibilityGlobals) = postSolution
		SolutionGuid = {6D28FBB5-A470-391A-AFD2-2AA399224035}
	EndGlobalSection
	GlobalSection(ExtensibilityAddIns) = postSolution
	EndGlobalSection
EndGlobal
