<?xml version="1.0" encoding="utf-8"?>
<Project ToolsVersion="12.0" xmlns="http://schemas.microsoft.com/developer/msbuild/2003">
  <ItemGroup>
    <ClCompile Include="D:\psc\ogre-1.9.1\Components\Paging\src\OgreGrid2DPageStrategy.cpp">
      <Filter>Source Files</Filter>
    </ClCompile>
    <ClCompile Include="D:\psc\ogre-1.9.1\Components\Paging\src\OgreGrid3DPageStrategy.cpp">
      <Filter>Source Files</Filter>
    </ClCompile>
    <ClCompile Include="D:\psc\ogre-1.9.1\Components\Paging\src\OgrePage.cpp">
      <Filter>Source Files</Filter>
    </ClCompile>
    <ClCompile Include="D:\psc\ogre-1.9.1\Components\Paging\src\OgrePageContent.cpp">
      <Filter>Source Files</Filter>
    </ClCompile>
    <ClCompile Include="D:\psc\ogre-1.9.1\Components\Paging\src\OgrePageContentCollection.cpp">
      <Filter>Source Files</Filter>
    </ClCompile>
    <ClCompile Include="D:\psc\ogre-1.9.1\Components\Paging\src\OgrePageManager.cpp">
      <Filter>Source Files</Filter>
    </ClCompile>
    <ClCompile Include="D:\psc\ogre-1.9.1\Components\Paging\src\OgrePagedWorld.cpp">
      <Filter>Source Files</Filter>
    </ClCompile>
    <ClCompile Include="D:\psc\ogre-1.9.1\Components\Paging\src\OgrePagedWorldSection.cpp">
      <Filter>Source Files</Filter>
    </ClCompile>
    <ClCompile Include="D:\psc\ogre-1.9.1\Components\Paging\src\OgreSimplePageContentCollection.cpp">
      <Filter>Source Files</Filter>
    </ClCompile>
  </ItemGroup>
  <ItemGroup>
    <ClInclude Include="D:\psc\ogre-1.9.1\Components\Paging\include\OgreGrid2DPageStrategy.h">
      <Filter>Header Files</Filter>
    </ClInclude>
    <ClInclude Include="D:\psc\ogre-1.9.1\Components\Paging\include\OgreGrid3DPageStrategy.h">
      <Filter>Header Files</Filter>
    </ClInclude>
    <ClInclude Include="D:\psc\ogre-1.9.1\Components\Paging\include\OgrePage.h">
      <Filter>Header Files</Filter>
    </ClInclude>
    <ClInclude Include="D:\psc\ogre-1.9.1\Components\Paging\include\OgrePageConnection.h">
      <Filter>Header Files</Filter>
    </ClInclude>
    <ClInclude Include="D:\psc\ogre-1.9.1\Components\Paging\include\OgrePageContent.h">
      <Filter>Header Files</Filter>
    </ClInclude>
    <ClInclude Include="D:\psc\ogre-1.9.1\Components\Paging\include\OgrePageContentCollection.h">
      <Filter>Header Files</Filter>
    </ClInclude>
    <ClInclude Include="D:\psc\ogre-1.9.1\Components\Paging\include\OgrePageContentCollectionFactory.h">
      <Filter>Header Files</Filter>
    </ClInclude>
    <ClInclude Include="D:\psc\ogre-1.9.1\Components\Paging\include\OgrePageContentFactory.h">
      <Filter>Header Files</Filter>
    </ClInclude>
    <ClInclude Include="D:\psc\ogre-1.9.1\Components\Paging\include\OgrePageFileFormats.h">
      <Filter>Header Files</Filter>
    </ClInclude>
    <ClInclude Include="D:\psc\ogre-1.9.1\Components\Paging\include\OgrePageManager.h">
      <Filter>Header Files</Filter>
    </ClInclude>
    <ClInclude Include="D:\psc\ogre-1.9.1\Components\Paging\include\OgrePageStrategy.h">
      <Filter>Header Files</Filter>
    </ClInclude>
    <ClInclude Include="D:\psc\ogre-1.9.1\Components\Paging\include\OgrePagedWorld.h">
      <Filter>Header Files</Filter>
    </ClInclude>
    <ClInclude Include="D:\psc\ogre-1.9.1\Components\Paging\include\OgrePagedWorldSection.h">
      <Filter>Header Files</Filter>
    </ClInclude>
    <ClInclude Include="D:\psc\ogre-1.9.1\Components\Paging\include\OgrePaging.h">
      <Filter>Header Files</Filter>
    </ClInclude>
    <ClInclude Include="D:\psc\ogre-1.9.1\Components\Paging\include\OgrePagingPrerequisites.h">
      <Filter>Header Files</Filter>
    </ClInclude>
    <ClInclude Include="D:\psc\ogre-1.9.1\Components\Paging\include\OgreSimplePageContentCollection.h">
      <Filter>Header Files</Filter>
    </ClInclude>
  </ItemGroup>
  <ItemGroup>
    <Filter Include="Header Files">
      <UniqueIdentifier>{489E59CA-875D-3CF2-8B3D-21EDF8A12FE3}</UniqueIdentifier>
    </Filter>
    <Filter Include="Source Files">
      <UniqueIdentifier>{C2FB6ED9-DB78-395F-BAFD-14E1906F30A1}</UniqueIdentifier>
    </Filter>
  </ItemGroup>
</Project>
