<?xml version="1.0" encoding="utf-8"?>
<Project ToolsVersion="12.0" xmlns="http://schemas.microsoft.com/developer/msbuild/2003">
  <ItemGroup>
    <ClCompile Include="D:\psc\ogre-1.9.1\Tools\MeshUpgrader\src\main.cpp">
      <Filter>Source Files</Filter>
    </ClCompile>
  </ItemGroup>
  <ItemGroup>
    <Filter Include="Source Files">
      <UniqueIdentifier>{C2FB6ED9-DB78-395F-BAFD-14E1906F30A1}</UniqueIdentifier>
    </Filter>
  </ItemGroup>
</Project>
